
Microsoft Visual Studio Solution File, Format Version 12.00
# Visual Studio Version 17
VisualStudioVersion = 17.0.32112.339
MinimumVisualStudioVersion = 10.0.40219.1
Project("{FAE04EC0-301F-11D3-BF4B-00C04F79EFBC}") = "GatewayService", "GatewayService\GatewayService.csproj", "{6037B93F-E476-4FDA-8AF9-AFFA651F7DD6}"
EndProject
Global
	GlobalSection(SolutionConfigurationPlatforms) = preSolution
		Debug|Any CPU = Debug|Any CPU
		Release|Any CPU = Release|Any CPU
	EndGlobalSection
	GlobalSection(ProjectConfigurationPlatforms) = postSolution
		{6037B93F-E476-4FDA-8AF9-AFFA651F7DD6}.Debug|Any CPU.ActiveCfg = Debug|Any CPU
		{6037B93F-E476-4FDA-8AF9-AFFA651F7DD6}.Debug|Any CPU.Build.0 = Debug|Any CPU
		{6037B93F-E476-4FDA-8AF9-AFFA651F7DD6}.Release|Any CPU.ActiveCfg = Release|Any CPU
		{6037B93F-E476-4FDA-8AF9-AFFA651F7DD6}.Release|Any CPU.Build.0 = Release|Any CPU
	EndGlobalSection
	GlobalSection(SolutionProperties) = preSolution
		HideSolutionNode = FALSE
	EndGlobalSection
	GlobalSection(ExtensibilityGlobals) = postSolution
		SolutionGuid = {849CA48D-6AFF-43D3-995A-705276E1DFCD}
	EndGlobalSection
EndGlobal
